
Microsoft Visual Studio Solution File, Format Version 12.00
# Visual Studio Version 17
VisualStudioVersion = 17.5.002.0
MinimumVisualStudioVersion = 10.0.40219.1
Project("{9A19103F-16F7-4668-BE54-9A1E7A4F7556}") = "BankingSystem", "BankingSystem\BankingSystem.csproj", "{692163A0-F4D2-4301-81C2-CBB2C916AB1A}"
EndProject
Global
	GlobalSection(SolutionConfigurationPlatforms) = preSolution
		Debug|Any CPU = Debug|Any CPU
		Release|Any CPU = Release|Any CPU
	EndGlobalSection
	GlobalSection(ProjectConfigurationPlatforms) = postSolution
		{692163A0-F4D2-4301-81C2-CBB2C916AB1A}.Debug|Any CPU.ActiveCfg = Debug|Any CPU
		{692163A0-F4D2-4301-81C2-CBB2C916AB1A}.Debug|Any CPU.Build.0 = Debug|Any CPU
		{692163A0-F4D2-4301-81C2-CBB2C916AB1A}.Release|Any CPU.ActiveCfg = Release|Any CPU
		{692163A0-F4D2-4301-81C2-CBB2C916AB1A}.Release|Any CPU.Build.0 = Release|Any CPU
	EndGlobalSection
	GlobalSection(SolutionProperties) = preSolution
		HideSolutionNode = FALSE
	EndGlobalSection
	GlobalSection(ExtensibilityGlobals) = postSolution
		SolutionGuid = {2E818830-BFB9-4CDA-8B83-065862B15CC3}
	EndGlobalSection
EndGlobal
